// !$*UTF8*$!
{
	archiveVersion = 1;
	classes = {
	};
	objectVersion = 46;
	objects = {

/* Begin PBXBuildFile section */
		9F11D6E615F8A2670070A554 /* UIKit.framework in Frameworks */ = {isa = PBXBuildFile; fileRef = 9F11D6E515F8A2670070A554 /* UIKit.framework */; };
		9F11D6E815F8A2670070A554 /* Foundation.framework in Frameworks */ = {isa = PBXBuildFile; fileRef = 9F11D6E715F8A2670070A554 /* Foundation.framework */; };
		9F11D6EA15F8A2670070A554 /* CoreGraphics.framework in Frameworks */ = {isa = PBXBuildFile; fileRef = 9F11D6E915F8A2670070A554 /* CoreGraphics.framework */; };
		9F11D70715F8A2680070A554 /* SenTestingKit.framework in Frameworks */ = {isa = PBXBuildFile; fileRef = 9F11D70615F8A2680070A554 /* SenTestingKit.framework */; };
		9F11D70815F8A2680070A554 /* UIKit.framework in Frameworks */ = {isa = PBXBuildFile; fileRef = 9F11D6E515F8A2670070A554 /* UIKit.framework */; };
		9F11D70915F8A2680070A554 /* Foundation.framework in Frameworks */ = {isa = PBXBuildFile; fileRef = 9F11D6E715F8A2670070A554 /* Foundation.framework */; };
		9F11D71115F8A2680070A554 /* InfoPlist.strings in Resources */ = {isa = PBXBuildFile; fileRef = 9F11D70F15F8A2680070A554 /* InfoPlist.strings */; };
		9F11D71415F8A2680070A554 /* SKAnimationMachineTests.m in Sources */ = {isa = PBXBuildFile; fileRef = 9F11D71315F8A2680070A554 /* SKAnimationMachineTests.m */; };
		9F11D72315F8A2A00070A554 /* UIViewController+AnimationMachine.m in Sources */ = {isa = PBXBuildFile; fileRef = 9F11D72215F8A2A00070A554 /* UIViewController+AnimationMachine.m */; };
		9F248E3015FE6C0400EDFD80 /* JSONKit.m in Sources */ = {isa = PBXBuildFile; fileRef = 9F248E2F15FE6C0400EDFD80 /* JSONKit.m */; settings = {COMPILER_FLAGS = "-fno-objc-arc"; }; };
		9F248E4015FE878C00EDFD80 /* main.m in Sources */ = {isa = PBXBuildFile; fileRef = 9F248E3715FE878C00EDFD80 /* main.m */; };
		9F248E4115FE878C00EDFD80 /* animation_SKExampleViewController_iphone.json in Resources */ = {isa = PBXBuildFile; fileRef = 9F248E3915FE878C00EDFD80 /* animation_SKExampleViewController_iphone.json */; };
		9F248E4215FE878C00EDFD80 /* SKAnimationMachine-Info.plist in Resources */ = {isa = PBXBuildFile; fileRef = 9F248E3A15FE878C00EDFD80 /* SKAnimationMachine-Info.plist */; };
		9F248E4315FE878C00EDFD80 /* SKExampleAppDelegate.m in Sources */ = {isa = PBXBuildFile; fileRef = 9F248E3D15FE878C00EDFD80 /* SKExampleAppDelegate.m */; };
		9F248E4415FE878C00EDFD80 /* SKExampleViewController.m in Sources */ = {isa = PBXBuildFile; fileRef = 9F248E3F15FE878C00EDFD80 /* SKExampleViewController.m */; };
		9F248E4C15FE87D000EDFD80 /* InfoPlist.strings in Resources */ = {isa = PBXBuildFile; fileRef = 9F248E4615FE87D000EDFD80 /* InfoPlist.strings */; };
		9F248E4D15FE87D000EDFD80 /* SKExampleViewController_iPad.xib in Resources */ = {isa = PBXBuildFile; fileRef = 9F248E4815FE87D000EDFD80 /* SKExampleViewController_iPad.xib */; };
		9F248E4E15FE87D000EDFD80 /* SKExampleViewController_iPhone.xib in Resources */ = {isa = PBXBuildFile; fileRef = 9F248E4A15FE87D000EDFD80 /* SKExampleViewController_iPhone.xib */; };
/* End PBXBuildFile section */

/* Begin PBXContainerItemProxy section */
		9F11D70A15F8A2680070A554 /* PBXContainerItemProxy */ = {
			isa = PBXContainerItemProxy;
			containerPortal = 9F11D6D815F8A2670070A554 /* Project object */;
			proxyType = 1;
			remoteGlobalIDString = 9F11D6E015F8A2670070A554;
			remoteInfo = SKAnimationMachine;
		};
/* End PBXContainerItemProxy section */

/* Begin PBXFileReference section */
		9F11D6E115F8A2670070A554 /* SKAnimationMachine.app */ = {isa = PBXFileReference; explicitFileType = wrapper.application; includeInIndex = 0; path = SKAnimationMachine.app; sourceTree = BUILT_PRODUCTS_DIR; };
		9F11D6E515F8A2670070A554 /* UIKit.framework */ = {isa = PBXFileReference; lastKnownFileType = wrapper.framework; name = UIKit.framework; path = System/Library/Frameworks/UIKit.framework; sourceTree = SDKROOT; };
		9F11D6E715F8A2670070A554 /* Foundation.framework */ = {isa = PBXFileReference; lastKnownFileType = wrapper.framework; name = Foundation.framework; path = System/Library/Frameworks/Foundation.framework; sourceTree = SDKROOT; };
		9F11D6E915F8A2670070A554 /* CoreGraphics.framework */ = {isa = PBXFileReference; lastKnownFileType = wrapper.framework; name = CoreGraphics.framework; path = System/Library/Frameworks/CoreGraphics.framework; sourceTree = SDKROOT; };
		9F11D70515F8A2680070A554 /* SKAnimationMachineTests.octest */ = {isa = PBXFileReference; explicitFileType = wrapper.cfbundle; includeInIndex = 0; path = SKAnimationMachineTests.octest; sourceTree = BUILT_PRODUCTS_DIR; };
		9F11D70615F8A2680070A554 /* SenTestingKit.framework */ = {isa = PBXFileReference; lastKnownFileType = wrapper.framework; name = SenTestingKit.framework; path = Library/Frameworks/SenTestingKit.framework; sourceTree = DEVELOPER_DIR; };
		9F11D70E15F8A2680070A554 /* SKAnimationMachineTests-Info.plist */ = {isa = PBXFileReference; lastKnownFileType = text.plist.xml; path = "SKAnimationMachineTests-Info.plist"; sourceTree = "<group>"; };
		9F11D71015F8A2680070A554 /* en */ = {isa = PBXFileReference; lastKnownFileType = text.plist.strings; name = en; path = en.lproj/InfoPlist.strings; sourceTree = "<group>"; };
		9F11D71215F8A2680070A554 /* SKAnimationMachineTests.h */ = {isa = PBXFileReference; lastKnownFileType = sourcecode.c.h; path = SKAnimationMachineTests.h; sourceTree = "<group>"; };
		9F11D71315F8A2680070A554 /* SKAnimationMachineTests.m */ = {isa = PBXFileReference; lastKnownFileType = sourcecode.c.objc; path = SKAnimationMachineTests.m; sourceTree = "<group>"; };
		9F11D72115F8A2A00070A554 /* UIViewController+AnimationMachine.h */ = {isa = PBXFileReference; fileEncoding = 4; lastKnownFileType = sourcecode.c.h; path = "UIViewController+AnimationMachine.h"; sourceTree = "<group>"; };
		9F11D72215F8A2A00070A554 /* UIViewController+AnimationMachine.m */ = {isa = PBXFileReference; fileEncoding = 4; lastKnownFileType = sourcecode.c.objc; path = "UIViewController+AnimationMachine.m"; sourceTree = "<group>"; };
		9F248E2E15FE6C0400EDFD80 /* JSONKit.h */ = {isa = PBXFileReference; fileEncoding = 4; lastKnownFileType = sourcecode.c.h; path = JSONKit.h; sourceTree = "<group>"; };
		9F248E2F15FE6C0400EDFD80 /* JSONKit.m */ = {isa = PBXFileReference; fileEncoding = 4; lastKnownFileType = sourcecode.c.objc; path = JSONKit.m; sourceTree = "<group>"; };
		9F248E3715FE878C00EDFD80 /* main.m */ = {isa = PBXFileReference; fileEncoding = 4; lastKnownFileType = sourcecode.c.objc; path = main.m; sourceTree = "<group>"; };
		9F248E3915FE878C00EDFD80 /* animation_SKExampleViewController_iphone.json */ = {isa = PBXFileReference; fileEncoding = 4; lastKnownFileType = text.json; path = animation_SKExampleViewController_iphone.json; sourceTree = "<group>"; };
		9F248E3A15FE878C00EDFD80 /* SKAnimationMachine-Info.plist */ = {isa = PBXFileReference; fileEncoding = 4; lastKnownFileType = text.plist.xml; path = "SKAnimationMachine-Info.plist"; sourceTree = "<group>"; };
		9F248E3B15FE878C00EDFD80 /* SKAnimationMachine-Prefix.pch */ = {isa = PBXFileReference; fileEncoding = 4; lastKnownFileType = sourcecode.c.h; path = "SKAnimationMachine-Prefix.pch"; sourceTree = "<group>"; };
		9F248E3C15FE878C00EDFD80 /* SKExampleAppDelegate.h */ = {isa = PBXFileReference; fileEncoding = 4; path = SKExampleAppDelegate.h; sourceTree = "<group>"; };
		9F248E3D15FE878C00EDFD80 /* SKExampleAppDelegate.m */ = {isa = PBXFileReference; fileEncoding = 4; lastKnownFileType = sourcecode.c.objc; path = SKExampleAppDelegate.m; sourceTree = "<group>"; };
		9F248E3E15FE878C00EDFD80 /* SKExampleViewController.h */ = {isa = PBXFileReference; fileEncoding = 4; lastKnownFileType = sourcecode.c.h; path = SKExampleViewController.h; sourceTree = "<group>"; };
		9F248E3F15FE878C00EDFD80 /* SKExampleViewController.m */ = {isa = PBXFileReference; fileEncoding = 4; lastKnownFileType = sourcecode.c.objc; path = SKExampleViewController.m; sourceTree = "<group>"; };
		9F248E4715FE87D000EDFD80 /* en */ = {isa = PBXFileReference; lastKnownFileType = text.plist.strings; name = en; path = InfoPlist.strings; sourceTree = "<group>"; };
		9F248E4915FE87D000EDFD80 /* en */ = {isa = PBXFileReference; lastKnownFileType = file.xib; name = en; path = SKExampleViewController_iPad.xib; sourceTree = "<group>"; };
		9F248E4B15FE87D000EDFD80 /* en */ = {isa = PBXFileReference; lastKnownFileType = file.xib; name = en; path = SKExampleViewController_iPhone.xib; sourceTree = "<group>"; };
/* End PBXFileReference section */

/* Begin PBXFrameworksBuildPhase section */
		9F11D6DE15F8A2670070A554 /* Frameworks */ = {
			isa = PBXFrameworksBuildPhase;
			buildActionMask = 2147483647;
			files = (
				9F11D6E615F8A2670070A554 /* UIKit.framework in Frameworks */,
				9F11D6E815F8A2670070A554 /* Foundation.framework in Frameworks */,
				9F11D6EA15F8A2670070A554 /* CoreGraphics.framework in Frameworks */,
			);
			runOnlyForDeploymentPostprocessing = 0;
		};
		9F11D70115F8A2680070A554 /* Frameworks */ = {
			isa = PBXFrameworksBuildPhase;
			buildActionMask = 2147483647;
			files = (
				9F11D70715F8A2680070A554 /* SenTestingKit.framework in Frameworks */,
				9F11D70815F8A2680070A554 /* UIKit.framework in Frameworks */,
				9F11D70915F8A2680070A554 /* Foundation.framework in Frameworks */,
			);
			runOnlyForDeploymentPostprocessing = 0;
		};
/* End PBXFrameworksBuildPhase section */

/* Begin PBXGroup section */
		9F11D6D615F8A2670070A554 = {
			isa = PBXGroup;
			children = (
				9F248E3615FE878C00EDFD80 /* Example */,
				9F248E2C15FE6C0400EDFD80 /* Vendor */,
				9F11D6EB15F8A2670070A554 /* SKAnimationMachine */,
				9F11D70C15F8A2680070A554 /* SKAnimationMachineTests */,
				9F11D6E415F8A2670070A554 /* Frameworks */,
				9F11D6E215F8A2670070A554 /* Products */,
			);
			sourceTree = "<group>";
		};
		9F11D6E215F8A2670070A554 /* Products */ = {
			isa = PBXGroup;
			children = (
				9F11D6E115F8A2670070A554 /* SKAnimationMachine.app */,
				9F11D70515F8A2680070A554 /* SKAnimationMachineTests.octest */,
			);
			name = Products;
			sourceTree = "<group>";
		};
		9F11D6E415F8A2670070A554 /* Frameworks */ = {
			isa = PBXGroup;
			children = (
				9F11D6E515F8A2670070A554 /* UIKit.framework */,
				9F11D6E715F8A2670070A554 /* Foundation.framework */,
				9F11D6E915F8A2670070A554 /* CoreGraphics.framework */,
				9F11D70615F8A2680070A554 /* SenTestingKit.framework */,
			);
			name = Frameworks;
			sourceTree = "<group>";
		};
		9F11D6EB15F8A2670070A554 /* SKAnimationMachine */ = {
			isa = PBXGroup;
			children = (
				9F11D72115F8A2A00070A554 /* UIViewController+AnimationMachine.h */,
				9F11D72215F8A2A00070A554 /* UIViewController+AnimationMachine.m */,
			);
			path = SKAnimationMachine;
			sourceTree = "<group>";
		};
		9F11D70C15F8A2680070A554 /* SKAnimationMachineTests */ = {
			isa = PBXGroup;
			children = (
				9F11D71215F8A2680070A554 /* SKAnimationMachineTests.h */,
				9F11D71315F8A2680070A554 /* SKAnimationMachineTests.m */,
				9F11D70D15F8A2680070A554 /* Supporting Files */,
			);
			path = SKAnimationMachineTests;
			sourceTree = "<group>";
		};
		9F11D70D15F8A2680070A554 /* Supporting Files */ = {
			isa = PBXGroup;
			children = (
				9F11D70E15F8A2680070A554 /* SKAnimationMachineTests-Info.plist */,
				9F11D70F15F8A2680070A554 /* InfoPlist.strings */,
			);
			name = "Supporting Files";
			sourceTree = "<group>";
		};
		9F248E2C15FE6C0400EDFD80 /* Vendor */ = {
			isa = PBXGroup;
			children = (
				9F248E2D15FE6C0400EDFD80 /* JSONKit */,
			);
			name = Vendor;
			path = SKAnimationMachine/Vendor;
			sourceTree = "<group>";
		};
		9F248E2D15FE6C0400EDFD80 /* JSONKit */ = {
			isa = PBXGroup;
			children = (
				9F248E2E15FE6C0400EDFD80 /* JSONKit.h */,
				9F248E2F15FE6C0400EDFD80 /* JSONKit.m */,
			);
			path = JSONKit;
			sourceTree = "<group>";
		};
		9F248E3615FE878C00EDFD80 /* Example */ = {
			isa = PBXGroup;
			children = (
				9F248E4F15FE87DF00EDFD80 /* Supporting Files */,
				9F248E4515FE87D000EDFD80 /* en.lproj */,
				9F248E3815FE878C00EDFD80 /* Resources */,
				9F248E3C15FE878C00EDFD80 /* SKExampleAppDelegate.h */,
				9F248E3D15FE878C00EDFD80 /* SKExampleAppDelegate.m */,
				9F248E3E15FE878C00EDFD80 /* SKExampleViewController.h */,
				9F248E3F15FE878C00EDFD80 /* SKExampleViewController.m */,
			);
			path = Example;
			sourceTree = "<group>";
		};
		9F248E3815FE878C00EDFD80 /* Resources */ = {
			isa = PBXGroup;
			children = (
				9F248E3915FE878C00EDFD80 /* animation_SKExampleViewController_iphone.json */,
			);
			path = Resources;
			sourceTree = "<group>";
		};
		9F248E4515FE87D000EDFD80 /* en.lproj */ = {
			isa = PBXGroup;
			children = (
				9F248E4815FE87D000EDFD80 /* SKExampleViewController_iPad.xib */,
				9F248E4A15FE87D000EDFD80 /* SKExampleViewController_iPhone.xib */,
			);
			path = en.lproj;
			sourceTree = "<group>";
		};
		9F248E4F15FE87DF00EDFD80 /* Supporting Files */ = {
			isa = PBXGroup;
			children = (
				9F248E3715FE878C00EDFD80 /* main.m */,
				9F248E3B15FE878C00EDFD80 /* SKAnimationMachine-Prefix.pch */,
				9F248E4615FE87D000EDFD80 /* InfoPlist.strings */,
				9F248E3A15FE878C00EDFD80 /* SKAnimationMachine-Info.plist */,
			);
			name = "Supporting Files";
			sourceTree = "<group>";
		};
/* End PBXGroup section */

/* Begin PBXNativeTarget section */
		9F11D6E015F8A2670070A554 /* SKAnimationMachine */ = {
			isa = PBXNativeTarget;
			buildConfigurationList = 9F11D71715F8A2680070A554 /* Build configuration list for PBXNativeTarget "SKAnimationMachine" */;
			buildPhases = (
				9F11D6DD15F8A2670070A554 /* Sources */,
				9F11D6DE15F8A2670070A554 /* Frameworks */,
				9F11D6DF15F8A2670070A554 /* Resources */,
			);
			buildRules = (
			);
			dependencies = (
			);
			name = SKAnimationMachine;
			productName = SKAnimationMachine;
			productReference = 9F11D6E115F8A2670070A554 /* SKAnimationMachine.app */;
			productType = "com.apple.product-type.application";
		};
		9F11D70415F8A2680070A554 /* SKAnimationMachineTests */ = {
			isa = PBXNativeTarget;
			buildConfigurationList = 9F11D71A15F8A2680070A554 /* Build configuration list for PBXNativeTarget "SKAnimationMachineTests" */;
			buildPhases = (
				9F11D70015F8A2680070A554 /* Sources */,
				9F11D70115F8A2680070A554 /* Frameworks */,
				9F11D70215F8A2680070A554 /* Resources */,
				9F11D70315F8A2680070A554 /* ShellScript */,
			);
			buildRules = (
			);
			dependencies = (
				9F11D70B15F8A2680070A554 /* PBXTargetDependency */,
			);
			name = SKAnimationMachineTests;
			productName = SKAnimationMachineTests;
			productReference = 9F11D70515F8A2680070A554 /* SKAnimationMachineTests.octest */;
			productType = "com.apple.product-type.bundle";
		};
/* End PBXNativeTarget section */

/* Begin PBXProject section */
		9F11D6D815F8A2670070A554 /* Project object */ = {
			isa = PBXProject;
			attributes = {
				CLASSPREFIX = slavko;
				LastUpgradeCheck = 0430;
				ORGANIZATIONNAME = "slavko.krucaj@gmail.com";
			};
			buildConfigurationList = 9F11D6DB15F8A2670070A554 /* Build configuration list for PBXProject "SKAnimationMachine" */;
			compatibilityVersion = "Xcode 3.2";
			developmentRegion = English;
			hasScannedForEncodings = 0;
			knownRegions = (
				en,
			);
			mainGroup = 9F11D6D615F8A2670070A554;
			productRefGroup = 9F11D6E215F8A2670070A554 /* Products */;
			projectDirPath = "";
			projectRoot = "";
			targets = (
				9F11D6E015F8A2670070A554 /* SKAnimationMachine */,
				9F11D70415F8A2680070A554 /* SKAnimationMachineTests */,
			);
		};
/* End PBXProject section */

/* Begin PBXResourcesBuildPhase section */
		9F11D6DF15F8A2670070A554 /* Resources */ = {
			isa = PBXResourcesBuildPhase;
			buildActionMask = 2147483647;
			files = (
				9F248E4115FE878C00EDFD80 /* animation_SKExampleViewController_iphone.json in Resources */,
				9F248E4215FE878C00EDFD80 /* SKAnimationMachine-Info.plist in Resources */,
				9F248E4C15FE87D000EDFD80 /* InfoPlist.strings in Resources */,
				9F248E4D15FE87D000EDFD80 /* SKExampleViewController_iPad.xib in Resources */,
				9F248E4E15FE87D000EDFD80 /* SKExampleViewController_iPhone.xib in Resources */,
			);
			runOnlyForDeploymentPostprocessing = 0;
		};
		9F11D70215F8A2680070A554 /* Resources */ = {
			isa = PBXResourcesBuildPhase;
			buildActionMask = 2147483647;
			files = (
				9F11D71115F8A2680070A554 /* InfoPlist.strings in Resources */,
			);
			runOnlyForDeploymentPostprocessing = 0;
		};
/* End PBXResourcesBuildPhase section */

/* Begin PBXShellScriptBuildPhase section */
		9F11D70315F8A2680070A554 /* ShellScript */ = {
			isa = PBXShellScriptBuildPhase;
			buildActionMask = 2147483647;
			files = (
			);
			inputPaths = (
			);
			outputPaths = (
			);
			runOnlyForDeploymentPostprocessing = 0;
			shellPath = /bin/sh;
			shellScript = "# Run the unit tests in this test bundle.\n\"${SYSTEM_DEVELOPER_DIR}/Tools/RunUnitTests\"\n";
		};
/* End PBXShellScriptBuildPhase section */

/* Begin PBXSourcesBuildPhase section */
		9F11D6DD15F8A2670070A554 /* Sources */ = {
			isa = PBXSourcesBuildPhase;
			buildActionMask = 2147483647;
			files = (
				9F11D72315F8A2A00070A554 /* UIViewController+AnimationMachine.m in Sources */,
				9F248E3015FE6C0400EDFD80 /* JSONKit.m in Sources */,
				9F248E4015FE878C00EDFD80 /* main.m in Sources */,
				9F248E4315FE878C00EDFD80 /* SKExampleAppDelegate.m in Sources */,
				9F248E4415FE878C00EDFD80 /* SKExampleViewController.m in Sources */,
			);
			runOnlyForDeploymentPostprocessing = 0;
		};
		9F11D70015F8A2680070A554 /* Sources */ = {
			isa = PBXSourcesBuildPhase;
			buildActionMask = 2147483647;
			files = (
				9F11D71415F8A2680070A554 /* SKAnimationMachineTests.m in Sources */,
			);
			runOnlyForDeploymentPostprocessing = 0;
		};
/* End PBXSourcesBuildPhase section */

/* Begin PBXTargetDependency section */
		9F11D70B15F8A2680070A554 /* PBXTargetDependency */ = {
			isa = PBXTargetDependency;
			target = 9F11D6E015F8A2670070A554 /* SKAnimationMachine */;
			targetProxy = 9F11D70A15F8A2680070A554 /* PBXContainerItemProxy */;
		};
/* End PBXTargetDependency section */

/* Begin PBXVariantGroup section */
		9F11D70F15F8A2680070A554 /* InfoPlist.strings */ = {
			isa = PBXVariantGroup;
			children = (
				9F11D71015F8A2680070A554 /* en */,
			);
			name = InfoPlist.strings;
			sourceTree = "<group>";
		};
		9F248E4615FE87D000EDFD80 /* InfoPlist.strings */ = {
			isa = PBXVariantGroup;
			children = (
				9F248E4715FE87D000EDFD80 /* en */,
			);
			name = InfoPlist.strings;
			path = en.lproj;
			sourceTree = "<group>";
		};
		9F248E4815FE87D000EDFD80 /* SKExampleViewController_iPad.xib */ = {
			isa = PBXVariantGroup;
			children = (
				9F248E4915FE87D000EDFD80 /* en */,
			);
			name = SKExampleViewController_iPad.xib;
			sourceTree = "<group>";
		};
		9F248E4A15FE87D000EDFD80 /* SKExampleViewController_iPhone.xib */ = {
			isa = PBXVariantGroup;
			children = (
				9F248E4B15FE87D000EDFD80 /* en */,
			);
			name = SKExampleViewController_iPhone.xib;
			sourceTree = "<group>";
		};
/* End PBXVariantGroup section */

/* Begin XCBuildConfiguration section */
		9F11D71515F8A2680070A554 /* Debug */ = {
			isa = XCBuildConfiguration;
			buildSettings = {
				ALWAYS_SEARCH_USER_PATHS = NO;
				ARCHS = "$(ARCHS_STANDARD_32_BIT)";
				CLANG_ENABLE_OBJC_ARC = YES;
				"CODE_SIGN_IDENTITY[sdk=iphoneos*]" = "iPhone Developer";
				COPY_PHASE_STRIP = NO;
				GCC_C_LANGUAGE_STANDARD = gnu99;
				GCC_DYNAMIC_NO_PIC = NO;
				GCC_OPTIMIZATION_LEVEL = 0;
				GCC_PREPROCESSOR_DEFINITIONS = (
					"DEBUG=1",
					"$(inherited)",
				);
				GCC_SYMBOLS_PRIVATE_EXTERN = NO;
				GCC_VERSION = com.apple.compilers.llvm.clang.1_0;
				GCC_WARN_ABOUT_RETURN_TYPE = YES;
				GCC_WARN_UNINITIALIZED_AUTOS = YES;
				GCC_WARN_UNUSED_VARIABLE = YES;
				IPHONEOS_DEPLOYMENT_TARGET = 5.1;
				SDKROOT = iphoneos;
				TARGETED_DEVICE_FAMILY = "1,2";
			};
			name = Debug;
		};
		9F11D71615F8A2680070A554 /* Release */ = {
			isa = XCBuildConfiguration;
			buildSettings = {
				ALWAYS_SEARCH_USER_PATHS = NO;
				ARCHS = "$(ARCHS_STANDARD_32_BIT)";
				CLANG_ENABLE_OBJC_ARC = YES;
				"CODE_SIGN_IDENTITY[sdk=iphoneos*]" = "iPhone Developer";
				COPY_PHASE_STRIP = YES;
				GCC_C_LANGUAGE_STANDARD = gnu99;
				GCC_VERSION = com.apple.compilers.llvm.clang.1_0;
				GCC_WARN_ABOUT_RETURN_TYPE = YES;
				GCC_WARN_UNINITIALIZED_AUTOS = YES;
				GCC_WARN_UNUSED_VARIABLE = YES;
				IPHONEOS_DEPLOYMENT_TARGET = 5.1;
				OTHER_CFLAGS = "-DNS_BLOCK_ASSERTIONS=1";
				SDKROOT = iphoneos;
				TARGETED_DEVICE_FAMILY = "1,2";
				VALIDATE_PRODUCT = YES;
			};
			name = Release;
		};
		9F11D71815F8A2680070A554 /* Debug */ = {
			isa = XCBuildConfiguration;
			buildSettings = {
				GCC_PRECOMPILE_PREFIX_HEADER = YES;
				GCC_PREFIX_HEADER = "Example/SKAnimationMachine-Prefix.pch";
				INFOPLIST_FILE = "Example/SKAnimationMachine-Info.plist";
				IPHONEOS_DEPLOYMENT_TARGET = 4.0;
				PRODUCT_NAME = "$(TARGET_NAME)";
				WRAPPER_EXTENSION = app;
			};
			name = Debug;
		};
		9F11D71915F8A2680070A554 /* Release */ = {
			isa = XCBuildConfiguration;
			buildSettings = {
				GCC_PRECOMPILE_PREFIX_HEADER = YES;
				GCC_PREFIX_HEADER = "Example/SKAnimationMachine-Prefix.pch";
				INFOPLIST_FILE = "Example/SKAnimationMachine-Info.plist";
				IPHONEOS_DEPLOYMENT_TARGET = 4.0;
				PRODUCT_NAME = "$(TARGET_NAME)";
				WRAPPER_EXTENSION = app;
			};
			name = Release;
		};
		9F11D71B15F8A2680070A554 /* Debug */ = {
			isa = XCBuildConfiguration;
			buildSettings = {
				BUNDLE_LOADER = "$(BUILT_PRODUCTS_DIR)/SKAnimationMachine.app/SKAnimationMachine";
				FRAMEWORK_SEARCH_PATHS = (
					"$(SDKROOT)/Developer/Library/Frameworks",
					"$(DEVELOPER_LIBRARY_DIR)/Frameworks",
				);
				GCC_PRECOMPILE_PREFIX_HEADER = YES;
				GCC_PREFIX_HEADER = "SKAnimationMachine/SKAnimationMachine-Prefix.pch";
				INFOPLIST_FILE = "SKAnimationMachineTests/SKAnimationMachineTests-Info.plist";
				PRODUCT_NAME = "$(TARGET_NAME)";
				TEST_HOST = "$(BUNDLE_LOADER)";
				WRAPPER_EXTENSION = octest;
			};
			name = Debug;
		};
		9F11D71C15F8A2680070A554 /* Release */ = {
			isa = XCBuildConfiguration;
			buildSettings = {
				BUNDLE_LOADER = "$(BUILT_PRODUCTS_DIR)/SKAnimationMachine.app/SKAnimationMachine";
				FRAMEWORK_SEARCH_PATHS = (
					"$(SDKROOT)/Developer/Library/Frameworks",
					"$(DEVELOPER_LIBRARY_DIR)/Frameworks",
				);
				GCC_PRECOMPILE_PREFIX_HEADER = YES;
				GCC_PREFIX_HEADER = "SKAnimationMachine/SKAnimationMachine-Prefix.pch";
				INFOPLIST_FILE = "SKAnimationMachineTests/SKAnimationMachineTests-Info.plist";
				PRODUCT_NAME = "$(TARGET_NAME)";
				TEST_HOST = "$(BUNDLE_LOADER)";
				WRAPPER_EXTENSION = octest;
			};
			name = Release;
		};
/* End XCBuildConfiguration section */

/* Begin XCConfigurationList section */
		9F11D6DB15F8A2670070A554 /* Build configuration list for PBXProject "SKAnimationMachine" */ = {
			isa = XCConfigurationList;
			buildConfigurations = (
				9F11D71515F8A2680070A554 /* Debug */,
				9F11D71615F8A2680070A554 /* Release */,
			);
			defaultConfigurationIsVisible = 0;
			defaultConfigurationName = Release;
		};
		9F11D71715F8A2680070A554 /* Build configuration list for PBXNativeTarget "SKAnimationMachine" */ = {
			isa = XCConfigurationList;
			buildConfigurations = (
				9F11D71815F8A2680070A554 /* Debug */,
				9F11D71915F8A2680070A554 /* Release */,
			);
			defaultConfigurationIsVisible = 0;
			defaultConfigurationName = Release;
		};
		9F11D71A15F8A2680070A554 /* Build configuration list for PBXNativeTarget "SKAnimationMachineTests" */ = {
			isa = XCConfigurationList;
			buildConfigurations = (
				9F11D71B15F8A2680070A554 /* Debug */,
				9F11D71C15F8A2680070A554 /* Release */,
			);
			defaultConfigurationIsVisible = 0;
			defaultConfigurationName = Release;
		};
/* End XCConfigurationList section */
	};
	rootObject = 9F11D6D815F8A2670070A554 /* Project object */;
}
